dependencies:
- name: mongodb
  repository: https://charts.bitnami.com/bitnami
  version: 14.13.0
- name: elasticsearch
  repository: https://charts.bitnami.com/bitnami
  version: 19.21.2
- name: fluent-bit
  repository: https://fluent.github.io/helm-charts
  version: 0.44.0
digest: sha256:465f3a10cfd6a55eaf1e09a1ec1a2fb09393dbfe9f2c4a15ed1d581002d28a91
generated: "2024-04-01T09:28:48.019818546+02:00"
